
Microsoft Visual Studio Solution File, Format Version 12.00
# Visual Studio 15
VisualStudioVersion = 15.0.28307.539
MinimumVisualStudioVersion = 10.0.40219.1
Project("{FAE04EC0-301F-11D3-BF4B-00C04F79EFBC}") = "CajaChica", "CajaChica\CajaChica.csproj", "{D132F796-B4AA-47A5-A4BB-DE444399E2DB}"
EndProject
Global
	GlobalSection(SolutionConfigurationPlatforms) = preSolution
		Debug|Any CPU = Debug|Any CPU
		Release|Any CPU = Release|Any CPU
	EndGlobalSection
	GlobalSection(ProjectConfigurationPlatforms) = postSolution
		{D132F796-B4AA-47A5-A4BB-DE444399E2DB}.Debug|Any CPU.ActiveCfg = Debug|Any CPU
		{D132F796-B4AA-47A5-A4BB-DE444399E2DB}.Debug|Any CPU.Build.0 = Debug|Any CPU
		{D132F796-B4AA-47A5-A4BB-DE444399E2DB}.Release|Any CPU.ActiveCfg = Release|Any CPU
		{D132F796-B4AA-47A5-A4BB-DE444399E2DB}.Release|Any CPU.Build.0 = Release|Any CPU
	EndGlobalSection
	GlobalSection(SolutionProperties) = preSolution
		HideSolutionNode = FALSE
	EndGlobalSection
	GlobalSection(ExtensibilityGlobals) = postSolution
		SolutionGuid = {4FFDE1F0-1FCD-491C-990D-841E5E31CB4C}
	EndGlobalSection
EndGlobal
